
Microsoft Visual Studio Solution File, Format Version 12.00
# Visual Studio Version 17
VisualStudioVersion = 17.3.32922.545
MinimumVisualStudioVersion = 10.0.40219.1
Project("{FAE04EC0-301F-11D3-BF4B-00C04F79EFBC}") = "kck", "kck\kck.csproj", "{20F2E9B1-1CFA-4DE7-BFDF-0B03A1F4A7B0}"
EndProject
Global
	GlobalSection(SolutionConfigurationPlatforms) = preSolution
		Debug|Any CPU = Debug|Any CPU
		Release|Any CPU = Release|Any CPU
	EndGlobalSection
	GlobalSection(ProjectConfigurationPlatforms) = postSolution
		{20F2E9B1-1CFA-4DE7-BFDF-0B03A1F4A7B0}.Debug|Any CPU.ActiveCfg = Debug|Any CPU
		{20F2E9B1-1CFA-4DE7-BFDF-0B03A1F4A7B0}.Debug|Any CPU.Build.0 = Debug|Any CPU
		{20F2E9B1-1CFA-4DE7-BFDF-0B03A1F4A7B0}.Release|Any CPU.ActiveCfg = Release|Any CPU
		{20F2E9B1-1CFA-4DE7-BFDF-0B03A1F4A7B0}.Release|Any CPU.Build.0 = Release|Any CPU
	EndGlobalSection
	GlobalSection(SolutionProperties) = preSolution
		HideSolutionNode = FALSE
	EndGlobalSection
	GlobalSection(ExtensibilityGlobals) = postSolution
		SolutionGuid = {882E3E27-3465-45F7-808C-E361D6B18779}
	EndGlobalSection
EndGlobal
